
Microsoft Visual Studio Solution File, Format Version 12.00
# Visual Studio 15
VisualStudioVersion = 15.0.27004.2008
MinimumVisualStudioVersion = 10.0.40219.1
Project("{FAE04EC0-301F-11D3-BF4B-00C04F79EFBC}") = "LayoutTool", "LayoutTool\LayoutTool.csproj", "{56631F2E-5239-4988-B60A-D5154E5FF634}"
EndProject
Global
	GlobalSection(SolutionConfigurationPlatforms) = preSolution
		Debug|Any CPU = Debug|Any CPU
		Release|Any CPU = Release|Any CPU
	EndGlobalSection
	GlobalSection(ProjectConfigurationPlatforms) = postSolution
		{56631F2E-5239-4988-B60A-D5154E5FF634}.Debug|Any CPU.ActiveCfg = Debug|Any CPU
		{56631F2E-5239-4988-B60A-D5154E5FF634}.Debug|Any CPU.Build.0 = Debug|Any CPU
		{56631F2E-5239-4988-B60A-D5154E5FF634}.Release|Any CPU.ActiveCfg = Release|Any CPU
		{56631F2E-5239-4988-B60A-D5154E5FF634}.Release|Any CPU.Build.0 = Release|Any CPU
	EndGlobalSection
	GlobalSection(SolutionProperties) = preSolution
		HideSolutionNode = FALSE
	EndGlobalSection
	GlobalSection(ExtensibilityGlobals) = postSolution
		SolutionGuid = {48097F28-DB82-44E8-954A-ACA19A2C177B}
	EndGlobalSection
EndGlobal
